// !$*UTF8*$!
{
	archiveVersion = 1;
	classes = {
	};
	objectVersion = 50;
	objects = {

/* Begin PBXBuildFile section */
		BA4A3BCB209BC43D001D336C /* SoundManager.swift in Sources */ = {isa = PBXBuildFile; fileRef = BA4A3BC8209BC43D001D336C /* SoundManager.swift */; };
		BA4A3BCC209BC43D001D336C /* UIViewExtensions.swift in Sources */ = {isa = PBXBuildFile; fileRef = BA4A3BC9209BC43D001D336C /* UIViewExtensions.swift */; };
		BA4A3BCD209BC43D001D336C /* AboutViewController.swift in Sources */ = {isa = PBXBuildFile; fileRef = BA4A3BCA209BC43D001D336C /* AboutViewController.swift */; };
		BA937739209BC2EA007D2BC0 /* GrinchedRegular.otf in Resources */ = {isa = PBXBuildFile; fileRef = BA937728209BC2EA007D2BC0 /* GrinchedRegular.otf */; };
		BA93773A209BC2EA007D2BC0 /* looperman-l-0671112-0120148-danke-funky-guitar-loop.wav in Resources */ = {isa = PBXBuildFile; fileRef = BA93772A209BC2EA007D2BC0 /* looperman-l-0671112-0120148-danke-funky-guitar-loop.wav */; };
		BA93773B209BC2EA007D2BC0 /* 30734_funhouse-organ-accent-without-charge_scf015201_proud_music_preview.mp3 in Resources */ = {isa = PBXBuildFile; fileRef = BA93772B209BC2EA007D2BC0 /* 30734_funhouse-organ-accent-without-charge_scf015201_proud_music_preview.mp3 */; };
		BA93773C209BC2EA007D2BC0 /* looperman-l-1887338-0117207-djandre808-funk-brazil-7.wav in Resources */ = {isa = PBXBuildFile; fileRef = BA93772C209BC2EA007D2BC0 /* looperman-l-1887338-0117207-djandre808-funk-brazil-7.wav */; };
		BA93773D209BC2EA007D2BC0 /* 37072_technical_logo_freebpm_proud_music_preview.mp3 in Resources */ = {isa = PBXBuildFile; fileRef = BA93772D209BC2EA007D2BC0 /* 37072_technical_logo_freebpm_proud_music_preview.mp3 */; };
		BA93773E209BC2EA007D2BC0 /* 30738_ominous-organ-stab-accent_scf015301_proud_music_preview.mp3 in Resources */ = {isa = PBXBuildFile; fileRef = BA93772E209BC2EA007D2BC0 /* 30738_ominous-organ-stab-accent_scf015301_proud_music_preview.mp3 */; };
		BA93773F209BC2EA007D2BC0 /* 30736_mellow-descending-organ-accent_scf015601_proud_music_preview.mp3 in Resources */ = {isa = PBXBuildFile; fileRef = BA93772F209BC2EA007D2BC0 /* 30736_mellow-descending-organ-accent_scf015601_proud_music_preview.mp3 */; };
		BA937740209BC2EA007D2BC0 /* looperman-l-0796811-0103562-zacwilkins-funky-slap-guitar.wav in Resources */ = {isa = PBXBuildFile; fileRef = BA937730209BC2EA007D2BC0 /* looperman-l-0796811-0103562-zacwilkins-funky-slap-guitar.wav */; };
		BA937741209BC2EA007D2BC0 /* 26588_vaudeville-vamp-ender-css029102_proud_music_preview.mp3 in Resources */ = {isa = PBXBuildFile; fileRef = BA937731209BC2EA007D2BC0 /* 26588_vaudeville-vamp-ender-css029102_proud_music_preview.mp3 */; };
		BA937742209BC2EA007D2BC0 /* looperman-l-1887338-0117208-djandre808-funk-trap-brazil-2.wav in Resources */ = {isa = PBXBuildFile; fileRef = BA937732209BC2EA007D2BC0 /* looperman-l-1887338-0117208-djandre808-funk-trap-brazil-2.wav */; };
		BA937743209BC2EA007D2BC0 /* Comical drip sound.wav in Resources */ = {isa = PBXBuildFile; fileRef = BA937733209BC2EA007D2BC0 /* Comical drip sound.wav */; };
		BA937744209BC2EA007D2BC0 /* looperman-l-1592215-0122959-rhodesy-pop-funk-guitar.wav in Resources */ = {isa = PBXBuildFile; fileRef = BA937734209BC2EA007D2BC0 /* looperman-l-1592215-0122959-rhodesy-pop-funk-guitar.wav */; };
		BA937745209BC2EA007D2BC0 /* 30727_charge-fanfare-high-organ-version_scf016201_proud_music_preview.mp3 in Resources */ = {isa = PBXBuildFile; fileRef = BA937735209BC2EA007D2BC0 /* 30727_charge-fanfare-high-organ-version_scf016201_proud_music_preview.mp3 */; };
		BA937746209BC2EA007D2BC0 /* looperman-l-0158799-0010338-alividlife-one-hit-wah-2.wav in Resources */ = {isa = PBXBuildFile; fileRef = BA937736209BC2EA007D2BC0 /* looperman-l-0158799-0010338-alividlife-one-hit-wah-2.wav */; };
		BA937747209BC2EA007D2BC0 /* intro-128-bpm.mp3 in Resources */ = {isa = PBXBuildFile; fileRef = BA937737209BC2EA007D2BC0 /* intro-128-bpm.mp3 */; };
		BA937748209BC2EA007D2BC0 /* looperman-l-1313777-0124940-deeper59-drum-loop-electro-funk.wav in Resources */ = {isa = PBXBuildFile; fileRef = BA937738209BC2EA007D2BC0 /* looperman-l-1313777-0124940-deeper59-drum-loop-electro-funk.wav */; };
		BAFB0D00209BB87200479D4B /* AppDelegate.swift in Sources */ = {isa = PBXBuildFile; fileRef = BAFB0CFF209BB87200479D4B /* AppDelegate.swift */; };
		BAFB0D02209BB87200479D4B /* ViewController.swift in Sources */ = {isa = PBXBuildFile; fileRef = BAFB0D01209BB87200479D4B /* ViewController.swift */; };
		BAFB0D05209BB87200479D4B /* Main.storyboard in Resources */ = {isa = PBXBuildFile; fileRef = BAFB0D03209BB87200479D4B /* Main.storyboard */; };
		BAFB0D08209BB87200479D4B /* grinched.xcdatamodeld in Sources */ = {isa = PBXBuildFile; fileRef = BAFB0D06209BB87200479D4B /* grinched.xcdatamodeld */; };
		BAFB0D0A209BB87400479D4B /* Assets.xcassets in Resources */ = {isa = PBXBuildFile; fileRef = BAFB0D09209BB87400479D4B /* Assets.xcassets */; };
		BAFB0D0D209BB87400479D4B /* LaunchScreen.storyboard in Resources */ = {isa = PBXBuildFile; fileRef = BAFB0D0B209BB87400479D4B /* LaunchScreen.storyboard */; };
/* End PBXBuildFile section */

/* Begin PBXFileReference section */
		BA4A3BC8209BC43D001D336C /* SoundManager.swift */ = {isa = PBXFileReference; fileEncoding = 4; lastKnownFileType = sourcecode.swift; path = SoundManager.swift; sourceTree = "<group>"; };
		BA4A3BC9209BC43D001D336C /* UIViewExtensions.swift */ = {isa = PBXFileReference; fileEncoding = 4; lastKnownFileType = sourcecode.swift; path = UIViewExtensions.swift; sourceTree = "<group>"; };
		BA4A3BCA209BC43D001D336C /* AboutViewController.swift */ = {isa = PBXFileReference; fileEncoding = 4; lastKnownFileType = sourcecode.swift; path = AboutViewController.swift; sourceTree = "<group>"; };
		BA937728209BC2EA007D2BC0 /* GrinchedRegular.otf */ = {isa = PBXFileReference; lastKnownFileType = file; path = GrinchedRegular.otf; sourceTree = "<group>"; };
		BA93772A209BC2EA007D2BC0 /* looperman-l-0671112-0120148-danke-funky-guitar-loop.wav */ = {isa = PBXFileReference; lastKnownFileType = audio.wav; path = "looperman-l-0671112-0120148-danke-funky-guitar-loop.wav"; sourceTree = "<group>"; };
		BA93772B209BC2EA007D2BC0 /* 30734_funhouse-organ-accent-without-charge_scf015201_proud_music_preview.mp3 */ = {isa = PBXFileReference; lastKnownFileType = audio.mp3; path = "30734_funhouse-organ-accent-without-charge_scf015201_proud_music_preview.mp3"; sourceTree = "<group>"; };
		BA93772C209BC2EA007D2BC0 /* looperman-l-1887338-0117207-djandre808-funk-brazil-7.wav */ = {isa = PBXFileReference; lastKnownFileType = audio.wav; path = "looperman-l-1887338-0117207-djandre808-funk-brazil-7.wav"; sourceTree = "<group>"; };
		BA93772D209BC2EA007D2BC0 /* 37072_technical_logo_freebpm_proud_music_preview.mp3 */ = {isa = PBXFileReference; lastKnownFileType = audio.mp3; path = 37072_technical_logo_freebpm_proud_music_preview.mp3; sourceTree = "<group>"; };
		BA93772E209BC2EA007D2BC0 /* 30738_ominous-organ-stab-accent_scf015301_proud_music_preview.mp3 */ = {isa = PBXFileReference; lastKnownFileType = audio.mp3; path = "30738_ominous-organ-stab-accent_scf015301_proud_music_preview.mp3"; sourceTree = "<group>"; };
		BA93772F209BC2EA007D2BC0 /* 30736_mellow-descending-organ-accent_scf015601_proud_music_preview.mp3 */ = {isa = PBXFileReference; lastKnownFileType = audio.mp3; path = "30736_mellow-descending-organ-accent_scf015601_proud_music_preview.mp3"; sourceTree = "<group>"; };
		BA937730209BC2EA007D2BC0 /* looperman-l-0796811-0103562-zacwilkins-funky-slap-guitar.wav */ = {isa = PBXFileReference; lastKnownFileType = audio.wav; path = "looperman-l-0796811-0103562-zacwilkins-funky-slap-guitar.wav"; sourceTree = "<group>"; };
		BA937731209BC2EA007D2BC0 /* 26588_vaudeville-vamp-ender-css029102_proud_music_preview.mp3 */ = {isa = PBXFileReference; lastKnownFileType = audio.mp3; path = "26588_vaudeville-vamp-ender-css029102_proud_music_preview.mp3"; sourceTree = "<group>"; };
		BA937732209BC2EA007D2BC0 /* looperman-l-1887338-0117208-djandre808-funk-trap-brazil-2.wav */ = {isa = PBXFileReference; lastKnownFileType = audio.wav; path = "looperman-l-1887338-0117208-djandre808-funk-trap-brazil-2.wav"; sourceTree = "<group>"; };
		BA937733209BC2EA007D2BC0 /* Comical drip sound.wav */ = {isa = PBXFileReference; lastKnownFileType = audio.wav; path = "Comical drip sound.wav"; sourceTree = "<group>"; };
		BA937734209BC2EA007D2BC0 /* looperman-l-1592215-0122959-rhodesy-pop-funk-guitar.wav */ = {isa = PBXFileReference; lastKnownFileType = audio.wav; path = "looperman-l-1592215-0122959-rhodesy-pop-funk-guitar.wav"; sourceTree = "<group>"; };
		BA937735209BC2EA007D2BC0 /* 30727_charge-fanfare-high-organ-version_scf016201_proud_music_preview.mp3 */ = {isa = PBXFileReference; lastKnownFileType = audio.mp3; path = "30727_charge-fanfare-high-organ-version_scf016201_proud_music_preview.mp3"; sourceTree = "<group>"; };
		BA937736209BC2EA007D2BC0 /* looperman-l-0158799-0010338-alividlife-one-hit-wah-2.wav */ = {isa = PBXFileReference; lastKnownFileType = audio.wav; path = "looperman-l-0158799-0010338-alividlife-one-hit-wah-2.wav"; sourceTree = "<group>"; };
		BA937737209BC2EA007D2BC0 /* intro-128-bpm.mp3 */ = {isa = PBXFileReference; lastKnownFileType = audio.mp3; path = "intro-128-bpm.mp3"; sourceTree = "<group>"; };
		BA937738209BC2EA007D2BC0 /* looperman-l-1313777-0124940-deeper59-drum-loop-electro-funk.wav */ = {isa = PBXFileReference; lastKnownFileType = audio.wav; path = "looperman-l-1313777-0124940-deeper59-drum-loop-electro-funk.wav"; sourceTree = "<group>"; };
		BAFB0CFC209BB87200479D4B /* grinched.app */ = {isa = PBXFileReference; explicitFileType = wrapper.application; includeInIndex = 0; path = grinched.app; sourceTree = BUILT_PRODUCTS_DIR; };
		BAFB0CFF209BB87200479D4B /* AppDelegate.swift */ = {isa = PBXFileReference; lastKnownFileType = sourcecode.swift; path = AppDelegate.swift; sourceTree = "<group>"; };
		BAFB0D01209BB87200479D4B /* ViewController.swift */ = {isa = PBXFileReference; lastKnownFileType = sourcecode.swift; path = ViewController.swift; sourceTree = "<group>"; };
		BAFB0D04209BB87200479D4B /* Base */ = {isa = PBXFileReference; lastKnownFileType = file.storyboard; name = Base; path = Base.lproj/Main.storyboard; sourceTree = "<group>"; };
		BAFB0D07209BB87200479D4B /* grinched.xcdatamodel */ = {isa = PBXFileReference; lastKnownFileType = wrapper.xcdatamodel; path = grinched.xcdatamodel; sourceTree = "<group>"; };
		BAFB0D09209BB87400479D4B /* Assets.xcassets */ = {isa = PBXFileReference; lastKnownFileType = folder.assetcatalog; path = Assets.xcassets; sourceTree = "<group>"; };
		BAFB0D0C209BB87400479D4B /* Base */ = {isa = PBXFileReference; lastKnownFileType = file.storyboard; name = Base; path = Base.lproj/LaunchScreen.storyboard; sourceTree = "<group>"; };
		BAFB0D0E209BB87400479D4B /* Info.plist */ = {isa = PBXFileReference; lastKnownFileType = text.plist.xml; path = Info.plist; sourceTree = "<group>"; };
/* End PBXFileReference section */

/* Begin PBXFrameworksBuildPhase section */
		BAFB0CF9209BB87200479D4B /* Frameworks */ = {
			isa = PBXFrameworksBuildPhase;
			buildActionMask = 2147483647;
			files = (
			);
			runOnlyForDeploymentPostprocessing = 0;
		};
/* End PBXFrameworksBuildPhase section */

/* Begin PBXGroup section */
		BA937727209BC2EA007D2BC0 /* fonts */ = {
			isa = PBXGroup;
			children = (
				BA937728209BC2EA007D2BC0 /* GrinchedRegular.otf */,
			);
			path = fonts;
			sourceTree = "<group>";
		};
		BA937729209BC2EA007D2BC0 /* sounds */ = {
			isa = PBXGroup;
			children = (
				BA93772A209BC2EA007D2BC0 /* looperman-l-0671112-0120148-danke-funky-guitar-loop.wav */,
				BA93772B209BC2EA007D2BC0 /* 30734_funhouse-organ-accent-without-charge_scf015201_proud_music_preview.mp3 */,
				BA93772C209BC2EA007D2BC0 /* looperman-l-1887338-0117207-djandre808-funk-brazil-7.wav */,
				BA93772D209BC2EA007D2BC0 /* 37072_technical_logo_freebpm_proud_music_preview.mp3 */,
				BA93772E209BC2EA007D2BC0 /* 30738_ominous-organ-stab-accent_scf015301_proud_music_preview.mp3 */,
				BA93772F209BC2EA007D2BC0 /* 30736_mellow-descending-organ-accent_scf015601_proud_music_preview.mp3 */,
				BA937730209BC2EA007D2BC0 /* looperman-l-0796811-0103562-zacwilkins-funky-slap-guitar.wav */,
				BA937731209BC2EA007D2BC0 /* 26588_vaudeville-vamp-ender-css029102_proud_music_preview.mp3 */,
				BA937732209BC2EA007D2BC0 /* looperman-l-1887338-0117208-djandre808-funk-trap-brazil-2.wav */,
				BA937733209BC2EA007D2BC0 /* Comical drip sound.wav */,
				BA937734209BC2EA007D2BC0 /* looperman-l-1592215-0122959-rhodesy-pop-funk-guitar.wav */,
				BA937735209BC2EA007D2BC0 /* 30727_charge-fanfare-high-organ-version_scf016201_proud_music_preview.mp3 */,
				BA937736209BC2EA007D2BC0 /* looperman-l-0158799-0010338-alividlife-one-hit-wah-2.wav */,
				BA937737209BC2EA007D2BC0 /* intro-128-bpm.mp3 */,
				BA937738209BC2EA007D2BC0 /* looperman-l-1313777-0124940-deeper59-drum-loop-electro-funk.wav */,
			);
			path = sounds;
			sourceTree = "<group>";
		};
		BAFB0CF3209BB87200479D4B = {
			isa = PBXGroup;
			children = (
				BAFB0CFE209BB87200479D4B /* grinched */,
				BAFB0CFD209BB87200479D4B /* Products */,
			);
			sourceTree = "<group>";
		};
		BAFB0CFD209BB87200479D4B /* Products */ = {
			isa = PBXGroup;
			children = (
				BAFB0CFC209BB87200479D4B /* grinched.app */,
			);
			name = Products;
			sourceTree = "<group>";
		};
		BAFB0CFE209BB87200479D4B /* grinched */ = {
			isa = PBXGroup;
			children = (
				BA4A3BCA209BC43D001D336C /* AboutViewController.swift */,
				BA4A3BC8209BC43D001D336C /* SoundManager.swift */,
				BA4A3BC9209BC43D001D336C /* UIViewExtensions.swift */,
				BA937727209BC2EA007D2BC0 /* fonts */,
				BA937729209BC2EA007D2BC0 /* sounds */,
				BAFB0CFF209BB87200479D4B /* AppDelegate.swift */,
				BAFB0D01209BB87200479D4B /* ViewController.swift */,
				BAFB0D03209BB87200479D4B /* Main.storyboard */,
				BAFB0D09209BB87400479D4B /* Assets.xcassets */,
				BAFB0D0B209BB87400479D4B /* LaunchScreen.storyboard */,
				BAFB0D0E209BB87400479D4B /* Info.plist */,
				BAFB0D06209BB87200479D4B /* grinched.xcdatamodeld */,
			);
			path = grinched;
			sourceTree = "<group>";
		};
/* End PBXGroup section */

/* Begin PBXNativeTarget section */
		BAFB0CFB209BB87200479D4B /* grinched */ = {
			isa = PBXNativeTarget;
			buildConfigurationList = BAFB0D11209BB87400479D4B /* Build configuration list for PBXNativeTarget "grinched" */;
			buildPhases = (
				BAFB0CF8209BB87200479D4B /* Sources */,
				BAFB0CF9209BB87200479D4B /* Frameworks */,
				BAFB0CFA209BB87200479D4B /* Resources */,
			);
			buildRules = (
			);
			dependencies = (
			);
			name = grinched;
			productName = grinched;
			productReference = BAFB0CFC209BB87200479D4B /* grinched.app */;
			productType = "com.apple.product-type.application";
		};
/* End PBXNativeTarget section */

/* Begin PBXProject section */
		BAFB0CF4209BB87200479D4B /* Project object */ = {
			isa = PBXProject;
			attributes = {
				LastSwiftUpdateCheck = 0940;
				LastUpgradeCheck = 0940;
				ORGANIZATIONNAME = "antonio martin moreno";
				TargetAttributes = {
					BAFB0CFB209BB87200479D4B = {
						CreatedOnToolsVersion = 9.4;
					};
				};
			};
			buildConfigurationList = BAFB0CF7209BB87200479D4B /* Build configuration list for PBXProject "grinched" */;
			compatibilityVersion = "Xcode 9.3";
			developmentRegion = en;
			hasScannedForEncodings = 0;
			knownRegions = (
				en,
				Base,
			);
			mainGroup = BAFB0CF3209BB87200479D4B;
			productRefGroup = BAFB0CFD209BB87200479D4B /* Products */;
			projectDirPath = "";
			projectRoot = "";
			targets = (
				BAFB0CFB209BB87200479D4B /* grinched */,
			);
		};
/* End PBXProject section */

/* Begin PBXResourcesBuildPhase section */
		BAFB0CFA209BB87200479D4B /* Resources */ = {
			isa = PBXResourcesBuildPhase;
			buildActionMask = 2147483647;
			files = (
				BA93773F209BC2EA007D2BC0 /* 30736_mellow-descending-organ-accent_scf015601_proud_music_preview.mp3 in Resources */,
				BA937744209BC2EA007D2BC0 /* looperman-l-1592215-0122959-rhodesy-pop-funk-guitar.wav in Resources */,
				BA937742209BC2EA007D2BC0 /* looperman-l-1887338-0117208-djandre808-funk-trap-brazil-2.wav in Resources */,
				BA93773A209BC2EA007D2BC0 /* looperman-l-0671112-0120148-danke-funky-guitar-loop.wav in Resources */,
				BA93773D209BC2EA007D2BC0 /* 37072_technical_logo_freebpm_proud_music_preview.mp3 in Resources */,
				BA937748209BC2EA007D2BC0 /* looperman-l-1313777-0124940-deeper59-drum-loop-electro-funk.wav in Resources */,
				BA937740209BC2EA007D2BC0 /* looperman-l-0796811-0103562-zacwilkins-funky-slap-guitar.wav in Resources */,
				BA937745209BC2EA007D2BC0 /* 30727_charge-fanfare-high-organ-version_scf016201_proud_music_preview.mp3 in Resources */,
				BA93773E209BC2EA007D2BC0 /* 30738_ominous-organ-stab-accent_scf015301_proud_music_preview.mp3 in Resources */,
				BA937743209BC2EA007D2BC0 /* Comical drip sound.wav in Resources */,
				BA93773C209BC2EA007D2BC0 /* looperman-l-1887338-0117207-djandre808-funk-brazil-7.wav in Resources */,
				BA937746209BC2EA007D2BC0 /* looperman-l-0158799-0010338-alividlife-one-hit-wah-2.wav in Resources */,
				BA937741209BC2EA007D2BC0 /* 26588_vaudeville-vamp-ender-css029102_proud_music_preview.mp3 in Resources */,
				BA937739209BC2EA007D2BC0 /* GrinchedRegular.otf in Resources */,
				BA937747209BC2EA007D2BC0 /* intro-128-bpm.mp3 in Resources */,
				BA93773B209BC2EA007D2BC0 /* 30734_funhouse-organ-accent-without-charge_scf015201_proud_music_preview.mp3 in Resources */,
				BAFB0D0D209BB87400479D4B /* LaunchScreen.storyboard in Resources */,
				BAFB0D0A209BB87400479D4B /* Assets.xcassets in Resources */,
				BAFB0D05209BB87200479D4B /* Main.storyboard in Resources */,
			);
			runOnlyForDeploymentPostprocessing = 0;
		};
/* End PBXResourcesBuildPhase section */

/* Begin PBXSourcesBuildPhase section */
		BAFB0CF8209BB87200479D4B /* Sources */ = {
			isa = PBXSourcesBuildPhase;
			buildActionMask = 2147483647;
			files = (
				BA4A3BCD209BC43D001D336C /* AboutViewController.swift in Sources */,
				BAFB0D02209BB87200479D4B /* ViewController.swift in Sources */,
				BA4A3BCC209BC43D001D336C /* UIViewExtensions.swift in Sources */,
				BA4A3BCB209BC43D001D336C /* SoundManager.swift in Sources */,
				BAFB0D08209BB87200479D4B /* grinched.xcdatamodeld in Sources */,
				BAFB0D00209BB87200479D4B /* AppDelegate.swift in Sources */,
			);
			runOnlyForDeploymentPostprocessing = 0;
		};
/* End PBXSourcesBuildPhase section */

/* Begin PBXVariantGroup section */
		BAFB0D03209BB87200479D4B /* Main.storyboard */ = {
			isa = PBXVariantGroup;
			children = (
				BAFB0D04209BB87200479D4B /* Base */,
			);
			name = Main.storyboard;
			sourceTree = "<group>";
		};
		BAFB0D0B209BB87400479D4B /* LaunchScreen.storyboard */ = {
			isa = PBXVariantGroup;
			children = (
				BAFB0D0C209BB87400479D4B /* Base */,
			);
			name = LaunchScreen.storyboard;
			sourceTree = "<group>";
		};
/* End PBXVariantGroup section */

/* Begin XCBuildConfiguration section */
		BAFB0D0F209BB87400479D4B /* Debug */ = {
			isa = XCBuildConfiguration;
			buildSettings = {
				ALWAYS_SEARCH_USER_PATHS = NO;
				CLANG_ANALYZER_NONNULL = YES;
				CLANG_ANALYZER_NUMBER_OBJECT_CONVERSION = YES_AGGRESSIVE;
				CLANG_CXX_LANGUAGE_STANDARD = "gnu++14";
				CLANG_CXX_LIBRARY = "libc++";
				CLANG_ENABLE_MODULES = YES;
				CLANG_ENABLE_OBJC_ARC = YES;
				CLANG_ENABLE_OBJC_WEAK = YES;
				CLANG_WARN_BLOCK_CAPTURE_AUTORELEASING = YES;
				CLANG_WARN_BOOL_CONVERSION = YES;
				CLANG_WARN_COMMA = YES;
				CLANG_WARN_CONSTANT_CONVERSION = YES;
				CLANG_WARN_DEPRECATED_OBJC_IMPLEMENTATIONS = YES;
				CLANG_WARN_DIRECT_OBJC_ISA_USAGE = YES_ERROR;
				CLANG_WARN_DOCUMENTATION_COMMENTS = YES;
				CLANG_WARN_EMPTY_BODY = YES;
				CLANG_WARN_ENUM_CONVERSION = YES;
				CLANG_WARN_INFINITE_RECURSION = YES;
				CLANG_WARN_INT_CONVERSION = YES;
				CLANG_WARN_NON_LITERAL_NULL_CONVERSION = YES;
				CLANG_WARN_OBJC_IMPLICIT_RETAIN_SELF = YES;
				CLANG_WARN_OBJC_LITERAL_CONVERSION = YES;
				CLANG_WARN_OBJC_ROOT_CLASS = YES_ERROR;
				CLANG_WARN_RANGE_LOOP_ANALYSIS = YES;
				CLANG_WARN_STRICT_PROTOTYPES = YES;
				CLANG_WARN_SUSPICIOUS_MOVE = YES;
				CLANG_WARN_UNGUARDED_AVAILABILITY = YES_AGGRESSIVE;
				CLANG_WARN_UNREACHABLE_CODE = YES;
				CLANG_WARN__DUPLICATE_METHOD_MATCH = YES;
				CODE_SIGN_IDENTITY = "iPhone Developer";
				COPY_PHASE_STRIP = NO;
				DEBUG_INFORMATION_FORMAT = dwarf;
				ENABLE_STRICT_OBJC_MSGSEND = YES;
				ENABLE_TESTABILITY = YES;
				GCC_C_LANGUAGE_STANDARD = gnu11;
				GCC_DYNAMIC_NO_PIC = NO;
				GCC_NO_COMMON_BLOCKS = YES;
				GCC_OPTIMIZATION_LEVEL = 0;
				GCC_PREPROCESSOR_DEFINITIONS = (
					"DEBUG=1",
					"$(inherited)",
				);
				GCC_WARN_64_TO_32_BIT_CONVERSION = YES;
				GCC_WARN_ABOUT_RETURN_TYPE = YES_ERROR;
				GCC_WARN_UNDECLARED_SELECTOR = YES;
				GCC_WARN_UNINITIALIZED_AUTOS = YES_AGGRESSIVE;
				GCC_WARN_UNUSED_FUNCTION = YES;
				GCC_WARN_UNUSED_VARIABLE = YES;
				IPHONEOS_DEPLOYMENT_TARGET = 11.4;
				MTL_ENABLE_DEBUG_INFO = YES;
				ONLY_ACTIVE_ARCH = YES;
				SDKROOT = iphoneos;
				SWIFT_ACTIVE_COMPILATION_CONDITIONS = DEBUG;
				SWIFT_OPTIMIZATION_LEVEL = "-Onone";
			};
			name = Debug;
		};
		BAFB0D10209BB87400479D4B /* Release */ = {
			isa = XCBuildConfiguration;
			buildSettings = {
				ALWAYS_SEARCH_USER_PATHS = NO;
				CLANG_ANALYZER_NONNULL = YES;
				CLANG_ANALYZER_NUMBER_OBJECT_CONVERSION = YES_AGGRESSIVE;
				CLANG_CXX_LANGUAGE_STANDARD = "gnu++14";
				CLANG_CXX_LIBRARY = "libc++";
				CLANG_ENABLE_MODULES = YES;
				CLANG_ENABLE_OBJC_ARC = YES;
				CLANG_ENABLE_OBJC_WEAK = YES;
				CLANG_WARN_BLOCK_CAPTURE_AUTORELEASING = YES;
				CLANG_WARN_BOOL_CONVERSION = YES;
				CLANG_WARN_COMMA = YES;
				CLANG_WARN_CONSTANT_CONVERSION = YES;
				CLANG_WARN_DEPRECATED_OBJC_IMPLEMENTATIONS = YES;
				CLANG_WARN_DIRECT_OBJC_ISA_USAGE = YES_ERROR;
				CLANG_WARN_DOCUMENTATION_COMMENTS = YES;
				CLANG_WARN_EMPTY_BODY = YES;
				CLANG_WARN_ENUM_CONVERSION = YES;
				CLANG_WARN_INFINITE_RECURSION = YES;
				CLANG_WARN_INT_CONVERSION = YES;
				CLANG_WARN_NON_LITERAL_NULL_CONVERSION = YES;
				CLANG_WARN_OBJC_IMPLICIT_RETAIN_SELF = YES;
				CLANG_WARN_OBJC_LITERAL_CONVERSION = YES;
				CLANG_WARN_OBJC_ROOT_CLASS = YES_ERROR;
				CLANG_WARN_RANGE_LOOP_ANALYSIS = YES;
				CLANG_WARN_STRICT_PROTOTYPES = YES;
				CLANG_WARN_SUSPICIOUS_MOVE = YES;
				CLANG_WARN_UNGUARDED_AVAILABILITY = YES_AGGRESSIVE;
				CLANG_WARN_UNREACHABLE_CODE = YES;
				CLANG_WARN__DUPLICATE_METHOD_MATCH = YES;
				CODE_SIGN_IDENTITY = "iPhone Developer";
				COPY_PHASE_STRIP = NO;
				DEBUG_INFORMATION_FORMAT = "dwarf-with-dsym";
				ENABLE_NS_ASSERTIONS = NO;
				ENABLE_STRICT_OBJC_MSGSEND = YES;
				GCC_C_LANGUAGE_STANDARD = gnu11;
				GCC_NO_COMMON_BLOCKS = YES;
				GCC_WARN_64_TO_32_BIT_CONVERSION = YES;
				GCC_WARN_ABOUT_RETURN_TYPE = YES_ERROR;
				GCC_WARN_UNDECLARED_SELECTOR = YES;
				GCC_WARN_UNINITIALIZED_AUTOS = YES_AGGRESSIVE;
				GCC_WARN_UNUSED_FUNCTION = YES;
				GCC_WARN_UNUSED_VARIABLE = YES;
				IPHONEOS_DEPLOYMENT_TARGET = 11.4;
				MTL_ENABLE_DEBUG_INFO = NO;
				SDKROOT = iphoneos;
				SWIFT_COMPILATION_MODE = wholemodule;
				SWIFT_OPTIMIZATION_LEVEL = "-O";
				VALIDATE_PRODUCT = YES;
			};
			name = Release;
		};
		BAFB0D12209BB87400479D4B /* Debug */ = {
			isa = XCBuildConfiguration;
			buildSettings = {
				ASSETCATALOG_COMPILER_APPICON_NAME = AppIcon;
				CODE_SIGN_STYLE = Automatic;
				DEVELOPMENT_TEAM = 273PW2T5AH;
				INFOPLIST_FILE = grinched/Info.plist;
				LD_RUNPATH_SEARCH_PATHS = (
					"$(inherited)",
					"@executable_path/Frameworks",
				);
				PRODUCT_BUNDLE_IDENTIFIER = com.amm.grinched.grinched;
				PRODUCT_NAME = "$(TARGET_NAME)";
				SWIFT_VERSION = 4.0;
				TARGETED_DEVICE_FAMILY = "1,2";
			};
			name = Debug;
		};
		BAFB0D13209BB87400479D4B /* Release */ = {
			isa = XCBuildConfiguration;
			buildSettings = {
				ASSETCATALOG_COMPILER_APPICON_NAME = AppIcon;
				CODE_SIGN_STYLE = Automatic;
				DEVELOPMENT_TEAM = 273PW2T5AH;
				INFOPLIST_FILE = grinched/Info.plist;
				LD_RUNPATH_SEARCH_PATHS = (
					"$(inherited)",
					"@executable_path/Frameworks",
				);
				PRODUCT_BUNDLE_IDENTIFIER = com.amm.grinched.grinched;
				PRODUCT_NAME = "$(TARGET_NAME)";
				SWIFT_VERSION = 4.0;
				TARGETED_DEVICE_FAMILY = "1,2";
			};
			name = Release;
		};
/* End XCBuildConfiguration section */

/* Begin XCConfigurationList section */
		BAFB0CF7209BB87200479D4B /* Build configuration list for PBXProject "grinched" */ = {
			isa = XCConfigurationList;
			buildConfigurations = (
				BAFB0D0F209BB87400479D4B /* Debug */,
				BAFB0D10209BB87400479D4B /* Release */,
			);
			defaultConfigurationIsVisible = 0;
			defaultConfigurationName = Release;
		};
		BAFB0D11209BB87400479D4B /* Build configuration list for PBXNativeTarget "grinched" */ = {
			isa = XCConfigurationList;
			buildConfigurations = (
				BAFB0D12209BB87400479D4B /* Debug */,
				BAFB0D13209BB87400479D4B /* Release */,
			);
			defaultConfigurationIsVisible = 0;
			defaultConfigurationName = Release;
		};
/* End XCConfigurationList section */

/* Begin XCVersionGroup section */
		BAFB0D06209BB87200479D4B /* grinched.xcdatamodeld */ = {
			isa = XCVersionGroup;
			children = (
				BAFB0D07209BB87200479D4B /* grinched.xcdatamodel */,
			);
			currentVersion = BAFB0D07209BB87200479D4B /* grinched.xcdatamodel */;
			path = grinched.xcdatamodeld;
			sourceTree = "<group>";
			versionGroupType = wrapper.xcdatamodel;
		};
/* End XCVersionGroup section */
	};
	rootObject = BAFB0CF4209BB87200479D4B /* Project object */;
}
